// !$*UTF8*$!
{
	archiveVersion = 1;
	classes = {
	};
	objectVersion = 46;
	objects = {

/* Begin PBXBuildFile section */
		09539C871A2F649A00FCBCB4 /* flat.png in Resources */ = {isa = PBXBuildFile; fileRef = 09539C861A2F649A00FCBCB4 /* flat.png */; };
		09539C891A2F69D300FCBCB4 /* StoveController.swift in Sources */ = {isa = PBXBuildFile; fileRef = 09539C881A2F69D300FCBCB4 /* StoveController.swift */; };
		09539C8E1A2FB1F500FCBCB4 /* movie_stove_plate_size.mp4 in Resources */ = {isa = PBXBuildFile; fileRef = 09539C8C1A2FB1F500FCBCB4 /* movie_stove_plate_size.mp4 */; };
		09539C8F1A2FB1F500FCBCB4 /* icon_stove_plate_size.png in Resources */ = {isa = PBXBuildFile; fileRef = 09539C8D1A2FB1F500FCBCB4 /* icon_stove_plate_size.png */; };
		09539C911A2FB36400FCBCB4 /* icon_stove_not_leave.png in Resources */ = {isa = PBXBuildFile; fileRef = 09539C901A2FB36400FCBCB4 /* icon_stove_not_leave.png */; };
		09539C941A2FB43800FCBCB4 /* icon_stove_fire.png in Resources */ = {isa = PBXBuildFile; fileRef = 09539C921A2FB43800FCBCB4 /* icon_stove_fire.png */; };
		09539C951A2FB43800FCBCB4 /* icon_stove_handle.png in Resources */ = {isa = PBXBuildFile; fileRef = 09539C931A2FB43800FCBCB4 /* icon_stove_handle.png */; };
		099319521A30920800008A42 /* HomeController.swift in Sources */ = {isa = PBXBuildFile; fileRef = 099319511A30920800008A42 /* HomeController.swift */; };
		099319581A30936C00008A42 /* icon_home_living.png in Resources */ = {isa = PBXBuildFile; fileRef = 099319531A30936C00008A42 /* icon_home_living.png */; };
		099319591A30936C00008A42 /* icon_home_migration_office.png in Resources */ = {isa = PBXBuildFile; fileRef = 099319541A30936C00008A42 /* icon_home_migration_office.png */; };
		0993195A1A30936C00008A42 /* icon_home_other.png in Resources */ = {isa = PBXBuildFile; fileRef = 099319551A30936C00008A42 /* icon_home_other.png */; };
		0993195B1A30936C00008A42 /* icon_home_sweden.png in Resources */ = {isa = PBXBuildFile; fileRef = 099319561A30936C00008A42 /* icon_home_sweden.png */; };
		0993195C1A30936C00008A42 /* icon_home_work_office.png in Resources */ = {isa = PBXBuildFile; fileRef = 099319571A30936C00008A42 /* icon_home_work_office.png */; };
		0993195E1A309B3800008A42 /* CustomHomeCollectionViewCell.swift in Sources */ = {isa = PBXBuildFile; fileRef = 0993195D1A309B3800008A42 /* CustomHomeCollectionViewCell.swift */; };
		09E4FF5C1A2FD1040045559A /* CustomCollectionViewCell.swift in Sources */ = {isa = PBXBuildFile; fileRef = 09E4FF5B1A2FD1040045559A /* CustomCollectionViewCell.swift */; };
		09E4FF5E1A2FD9C30045559A /* MoviePlayerView.swift in Sources */ = {isa = PBXBuildFile; fileRef = 09E4FF5D1A2FD9C30045559A /* MoviePlayerView.swift */; };
		2CFBA0A31A1CF555000AB590 /* AppDelegate.swift in Sources */ = {isa = PBXBuildFile; fileRef = 2CFBA0A21A1CF555000AB590 /* AppDelegate.swift */; };
		2CFBA0A51A1CF555000AB590 /* ViewController.swift in Sources */ = {isa = PBXBuildFile; fileRef = 2CFBA0A41A1CF555000AB590 /* ViewController.swift */; };
		2CFBA0A81A1CF555000AB590 /* Main.storyboard in Resources */ = {isa = PBXBuildFile; fileRef = 2CFBA0A61A1CF555000AB590 /* Main.storyboard */; };
		2CFBA0AA1A1CF555000AB590 /* Images.xcassets in Resources */ = {isa = PBXBuildFile; fileRef = 2CFBA0A91A1CF555000AB590 /* Images.xcassets */; };
		2CFBA0AD1A1CF555000AB590 /* LaunchScreen.xib in Resources */ = {isa = PBXBuildFile; fileRef = 2CFBA0AB1A1CF555000AB590 /* LaunchScreen.xib */; };
		2CFBA0B91A1CF555000AB590 /* Intercultural_LivingTests.swift in Sources */ = {isa = PBXBuildFile; fileRef = 2CFBA0B81A1CF555000AB590 /* Intercultural_LivingTests.swift */; };
/* End PBXBuildFile section */

/* Begin PBXContainerItemProxy section */
		2CFBA0B31A1CF555000AB590 /* PBXContainerItemProxy */ = {
			isa = PBXContainerItemProxy;
			containerPortal = 2CFBA0951A1CF555000AB590 /* Project object */;
			proxyType = 1;
			remoteGlobalIDString = 2CFBA09C1A1CF555000AB590;
			remoteInfo = "Intercultural Living";
		};
/* End PBXContainerItemProxy section */

/* Begin PBXFileReference section */
		09539C861A2F649A00FCBCB4 /* flat.png */ = {isa = PBXFileReference; lastKnownFileType = image.png; name = flat.png; path = Resources/flat.png; sourceTree = SOURCE_ROOT; };
		09539C881A2F69D300FCBCB4 /* StoveController.swift */ = {isa = PBXFileReference; fileEncoding = 4; lastKnownFileType = sourcecode.swift; path = StoveController.swift; sourceTree = "<group>"; };
		09539C8C1A2FB1F500FCBCB4 /* movie_stove_plate_size.mp4 */ = {isa = PBXFileReference; lastKnownFileType = file; name = movie_stove_plate_size.mp4; path = Resources/movie_stove_plate_size.mp4; sourceTree = SOURCE_ROOT; };
		09539C8D1A2FB1F500FCBCB4 /* icon_stove_plate_size.png */ = {isa = PBXFileReference; lastKnownFileType = image.png; name = icon_stove_plate_size.png; path = Resources/icon_stove_plate_size.png; sourceTree = SOURCE_ROOT; };
		09539C901A2FB36400FCBCB4 /* icon_stove_not_leave.png */ = {isa = PBXFileReference; lastKnownFileType = image.png; name = icon_stove_not_leave.png; path = Resources/icon_stove_not_leave.png; sourceTree = SOURCE_ROOT; };
		09539C921A2FB43800FCBCB4 /* icon_stove_fire.png */ = {isa = PBXFileReference; lastKnownFileType = image.png; name = icon_stove_fire.png; path = Resources/icon_stove_fire.png; sourceTree = SOURCE_ROOT; };
		09539C931A2FB43800FCBCB4 /* icon_stove_handle.png */ = {isa = PBXFileReference; lastKnownFileType = image.png; name = icon_stove_handle.png; path = Resources/icon_stove_handle.png; sourceTree = SOURCE_ROOT; };
		099319511A30920800008A42 /* HomeController.swift */ = {isa = PBXFileReference; fileEncoding = 4; lastKnownFileType = sourcecode.swift; path = HomeController.swift; sourceTree = "<group>"; };
		099319531A30936C00008A42 /* icon_home_living.png */ = {isa = PBXFileReference; lastKnownFileType = image.png; name = icon_home_living.png; path = Resources/icon_home_living.png; sourceTree = SOURCE_ROOT; };
		099319541A30936C00008A42 /* icon_home_migration_office.png */ = {isa = PBXFileReference; lastKnownFileType = image.png; name = icon_home_migration_office.png; path = Resources/icon_home_migration_office.png; sourceTree = SOURCE_ROOT; };
		099319551A30936C00008A42 /* icon_home_other.png */ = {isa = PBXFileReference; lastKnownFileType = image.png; name = icon_home_other.png; path = Resources/icon_home_other.png; sourceTree = SOURCE_ROOT; };
		099319561A30936C00008A42 /* icon_home_sweden.png */ = {isa = PBXFileReference; lastKnownFileType = image.png; name = icon_home_sweden.png; path = Resources/icon_home_sweden.png; sourceTree = SOURCE_ROOT; };
		099319571A30936C00008A42 /* icon_home_work_office.png */ = {isa = PBXFileReference; lastKnownFileType = image.png; name = icon_home_work_office.png; path = Resources/icon_home_work_office.png; sourceTree = SOURCE_ROOT; };
		0993195D1A309B3800008A42 /* CustomHomeCollectionViewCell.swift */ = {isa = PBXFileReference; fileEncoding = 4; lastKnownFileType = sourcecode.swift; path = CustomHomeCollectionViewCell.swift; sourceTree = "<group>"; };
		09E4FF5B1A2FD1040045559A /* CustomCollectionViewCell.swift */ = {isa = PBXFileReference; fileEncoding = 4; lastKnownFileType = sourcecode.swift; path = CustomCollectionViewCell.swift; sourceTree = "<group>"; };
		09E4FF5D1A2FD9C30045559A /* MoviePlayerView.swift */ = {isa = PBXFileReference; fileEncoding = 4; lastKnownFileType = sourcecode.swift; path = MoviePlayerView.swift; sourceTree = "<group>"; };
		2CFBA09D1A1CF555000AB590 /* Intercultural Living.app */ = {isa = PBXFileReference; explicitFileType = wrapper.application; includeInIndex = 0; path = "Intercultural Living.app"; sourceTree = BUILT_PRODUCTS_DIR; };
		2CFBA0A11A1CF555000AB590 /* Info.plist */ = {isa = PBXFileReference; lastKnownFileType = text.plist.xml; path = Info.plist; sourceTree = "<group>"; };
		2CFBA0A21A1CF555000AB590 /* AppDelegate.swift */ = {isa = PBXFileReference; lastKnownFileType = sourcecode.swift; path = AppDelegate.swift; sourceTree = "<group>"; };
		2CFBA0A41A1CF555000AB590 /* ViewController.swift */ = {isa = PBXFileReference; lastKnownFileType = sourcecode.swift; path = ViewController.swift; sourceTree = "<group>"; };
		2CFBA0A71A1CF555000AB590 /* Base */ = {isa = PBXFileReference; lastKnownFileType = file.storyboard; name = Base; path = Base.lproj/Main.storyboard; sourceTree = "<group>"; };
		2CFBA0A91A1CF555000AB590 /* Images.xcassets */ = {isa = PBXFileReference; lastKnownFileType = folder.assetcatalog; path = Images.xcassets; sourceTree = "<group>"; };
		2CFBA0AC1A1CF555000AB590 /* Base */ = {isa = PBXFileReference; lastKnownFileType = file.xib; name = Base; path = Base.lproj/LaunchScreen.xib; sourceTree = "<group>"; };
		2CFBA0B21A1CF555000AB590 /* Intercultural LivingTests.xctest */ = {isa = PBXFileReference; explicitFileType = wrapper.cfbundle; includeInIndex = 0; path = "Intercultural LivingTests.xctest"; sourceTree = BUILT_PRODUCTS_DIR; };
		2CFBA0B71A1CF555000AB590 /* Info.plist */ = {isa = PBXFileReference; lastKnownFileType = text.plist.xml; path = Info.plist; sourceTree = "<group>"; };
		2CFBA0B81A1CF555000AB590 /* Intercultural_LivingTests.swift */ = {isa = PBXFileReference; lastKnownFileType = sourcecode.swift; path = Intercultural_LivingTests.swift; sourceTree = "<group>"; };
/* End PBXFileReference section */

/* Begin PBXFrameworksBuildPhase section */
		2CFBA09A1A1CF555000AB590 /* Frameworks */ = {
			isa = PBXFrameworksBuildPhase;
			buildActionMask = 2147483647;
			files = (
			);
			runOnlyForDeploymentPostprocessing = 0;
		};
		2CFBA0AF1A1CF555000AB590 /* Frameworks */ = {
			isa = PBXFrameworksBuildPhase;
			buildActionMask = 2147483647;
			files = (
			);
			runOnlyForDeploymentPostprocessing = 0;
		};
/* End PBXFrameworksBuildPhase section */

/* Begin PBXGroup section */
		2CFBA0941A1CF555000AB590 = {
			isa = PBXGroup;
			children = (
				2CFBA09F1A1CF555000AB590 /* Intercultural Living */,
				2CFBA0B51A1CF555000AB590 /* Intercultural LivingTests */,
				2CFBA09E1A1CF555000AB590 /* Products */,
			);
			sourceTree = "<group>";
		};
		2CFBA09E1A1CF555000AB590 /* Products */ = {
			isa = PBXGroup;
			children = (
				2CFBA09D1A1CF555000AB590 /* Intercultural Living.app */,
				2CFBA0B21A1CF555000AB590 /* Intercultural LivingTests.xctest */,
			);
			name = Products;
			sourceTree = "<group>";
		};
		2CFBA09F1A1CF555000AB590 /* Intercultural Living */ = {
			isa = PBXGroup;
			children = (
				2CFBA0A21A1CF555000AB590 /* AppDelegate.swift */,
				2CFBA0A41A1CF555000AB590 /* ViewController.swift */,
				2CFBA0A61A1CF555000AB590 /* Main.storyboard */,
				2CFBA0A91A1CF555000AB590 /* Images.xcassets */,
				2CFBA0AB1A1CF555000AB590 /* LaunchScreen.xib */,
				2CFBA0A01A1CF555000AB590 /* Supporting Files */,
				09539C881A2F69D300FCBCB4 /* StoveController.swift */,
				09E4FF5B1A2FD1040045559A /* CustomCollectionViewCell.swift */,
				0993195D1A309B3800008A42 /* CustomHomeCollectionViewCell.swift */,
				09E4FF5D1A2FD9C30045559A /* MoviePlayerView.swift */,
				099319511A30920800008A42 /* HomeController.swift */,
			);
			path = "Intercultural Living";
			sourceTree = "<group>";
		};
		2CFBA0A01A1CF555000AB590 /* Supporting Files */ = {
			isa = PBXGroup;
			children = (
				099319531A30936C00008A42 /* icon_home_living.png */,
				099319541A30936C00008A42 /* icon_home_migration_office.png */,
				099319551A30936C00008A42 /* icon_home_other.png */,
				099319561A30936C00008A42 /* icon_home_sweden.png */,
				099319571A30936C00008A42 /* icon_home_work_office.png */,
				09539C921A2FB43800FCBCB4 /* icon_stove_fire.png */,
				09539C931A2FB43800FCBCB4 /* icon_stove_handle.png */,
				09539C901A2FB36400FCBCB4 /* icon_stove_not_leave.png */,
				09539C8C1A2FB1F500FCBCB4 /* movie_stove_plate_size.mp4 */,
				09539C8D1A2FB1F500FCBCB4 /* icon_stove_plate_size.png */,
				09539C861A2F649A00FCBCB4 /* flat.png */,
				2CFBA0A11A1CF555000AB590 /* Info.plist */,
			);
			name = "Supporting Files";
			sourceTree = "<group>";
		};
		2CFBA0B51A1CF555000AB590 /* Intercultural LivingTests */ = {
			isa = PBXGroup;
			children = (
				2CFBA0B81A1CF555000AB590 /* Intercultural_LivingTests.swift */,
				2CFBA0B61A1CF555000AB590 /* Supporting Files */,
			);
			path = "Intercultural LivingTests";
			sourceTree = "<group>";
		};
		2CFBA0B61A1CF555000AB590 /* Supporting Files */ = {
			isa = PBXGroup;
			children = (
				2CFBA0B71A1CF555000AB590 /* Info.plist */,
			);
			name = "Supporting Files";
			sourceTree = "<group>";
		};
/* End PBXGroup section */

/* Begin PBXNativeTarget section */
		2CFBA09C1A1CF555000AB590 /* Intercultural Living */ = {
			isa = PBXNativeTarget;
			buildConfigurationList = 2CFBA0BC1A1CF555000AB590 /* Build configuration list for PBXNativeTarget "Intercultural Living" */;
			buildPhases = (
				2CFBA0991A1CF555000AB590 /* Sources */,
				2CFBA09A1A1CF555000AB590 /* Frameworks */,
				2CFBA09B1A1CF555000AB590 /* Resources */,
			);
			buildRules = (
			);
			dependencies = (
			);
			name = "Intercultural Living";
			productName = "Intercultural Living";
			productReference = 2CFBA09D1A1CF555000AB590 /* Intercultural Living.app */;
			productType = "com.apple.product-type.application";
		};
		2CFBA0B11A1CF555000AB590 /* Intercultural LivingTests */ = {
			isa = PBXNativeTarget;
			buildConfigurationList = 2CFBA0BF1A1CF555000AB590 /* Build configuration list for PBXNativeTarget "Intercultural LivingTests" */;
			buildPhases = (
				2CFBA0AE1A1CF555000AB590 /* Sources */,
				2CFBA0AF1A1CF555000AB590 /* Frameworks */,
				2CFBA0B01A1CF555000AB590 /* Resources */,
			);
			buildRules = (
			);
			dependencies = (
				2CFBA0B41A1CF555000AB590 /* PBXTargetDependency */,
			);
			name = "Intercultural LivingTests";
			productName = "Intercultural LivingTests";
			productReference = 2CFBA0B21A1CF555000AB590 /* Intercultural LivingTests.xctest */;
			productType = "com.apple.product-type.bundle.unit-test";
		};
/* End PBXNativeTarget section */

/* Begin PBXProject section */
		2CFBA0951A1CF555000AB590 /* Project object */ = {
			isa = PBXProject;
			attributes = {
				LastUpgradeCheck = 0610;
				ORGANIZATIONNAME = "Intercultural Living AB";
				TargetAttributes = {
					2CFBA09C1A1CF555000AB590 = {
						CreatedOnToolsVersion = 6.1;
						DevelopmentTeam = 6TA2PSFB4H;
					};
					2CFBA0B11A1CF555000AB590 = {
						CreatedOnToolsVersion = 6.1;
						TestTargetID = 2CFBA09C1A1CF555000AB590;
					};
				};
			};
			buildConfigurationList = 2CFBA0981A1CF555000AB590 /* Build configuration list for PBXProject "Intercultural Living" */;
			compatibilityVersion = "Xcode 3.2";
			developmentRegion = English;
			hasScannedForEncodings = 0;
			knownRegions = (
				en,
				Base,
			);
			mainGroup = 2CFBA0941A1CF555000AB590;
			productRefGroup = 2CFBA09E1A1CF555000AB590 /* Products */;
			projectDirPath = "";
			projectRoot = "";
			targets = (
				2CFBA09C1A1CF555000AB590 /* Intercultural Living */,
				2CFBA0B11A1CF555000AB590 /* Intercultural LivingTests */,
			);
		};
/* End PBXProject section */

/* Begin PBXResourcesBuildPhase section */
		2CFBA09B1A1CF555000AB590 /* Resources */ = {
			isa = PBXResourcesBuildPhase;
			buildActionMask = 2147483647;
			files = (
				09539C951A2FB43800FCBCB4 /* icon_stove_handle.png in Resources */,
				2CFBA0A81A1CF555000AB590 /* Main.storyboard in Resources */,
				0993195C1A30936C00008A42 /* icon_home_work_office.png in Resources */,
				09539C911A2FB36400FCBCB4 /* icon_stove_not_leave.png in Resources */,
				09539C871A2F649A00FCBCB4 /* flat.png in Resources */,
				0993195A1A30936C00008A42 /* icon_home_other.png in Resources */,
				2CFBA0AD1A1CF555000AB590 /* LaunchScreen.xib in Resources */,
				0993195B1A30936C00008A42 /* icon_home_sweden.png in Resources */,
				09539C941A2FB43800FCBCB4 /* icon_stove_fire.png in Resources */,
				099319581A30936C00008A42 /* icon_home_living.png in Resources */,
				2CFBA0AA1A1CF555000AB590 /* Images.xcassets in Resources */,
				099319591A30936C00008A42 /* icon_home_migration_office.png in Resources */,
				09539C8F1A2FB1F500FCBCB4 /* icon_stove_plate_size.png in Resources */,
				09539C8E1A2FB1F500FCBCB4 /* movie_stove_plate_size.mp4 in Resources */,
			);
			runOnlyForDeploymentPostprocessing = 0;
		};
		2CFBA0B01A1CF555000AB590 /* Resources */ = {
			isa = PBXResourcesBuildPhase;
			buildActionMask = 2147483647;
			files = (
			);
			runOnlyForDeploymentPostprocessing = 0;
		};
/* End PBXResourcesBuildPhase section */

/* Begin PBXSourcesBuildPhase section */
		2CFBA0991A1CF555000AB590 /* Sources */ = {
			isa = PBXSourcesBuildPhase;
			buildActionMask = 2147483647;
			files = (
				09E4FF5E1A2FD9C30045559A /* MoviePlayerView.swift in Sources */,
				2CFBA0A51A1CF555000AB590 /* ViewController.swift in Sources */,
				099319521A30920800008A42 /* HomeController.swift in Sources */,
				09539C891A2F69D300FCBCB4 /* StoveController.swift in Sources */,
				2CFBA0A31A1CF555000AB590 /* AppDelegate.swift in Sources */,
				09E4FF5C1A2FD1040045559A /* CustomCollectionViewCell.swift in Sources */,
				0993195E1A309B3800008A42 /* CustomHomeCollectionViewCell.swift in Sources */,
			);
			runOnlyForDeploymentPostprocessing = 0;
		};
		2CFBA0AE1A1CF555000AB590 /* Sources */ = {
			isa = PBXSourcesBuildPhase;
			buildActionMask = 2147483647;
			files = (
				2CFBA0B91A1CF555000AB590 /* Intercultural_LivingTests.swift in Sources */,
			);
			runOnlyForDeploymentPostprocessing = 0;
		};
/* End PBXSourcesBuildPhase section */

/* Begin PBXTargetDependency section */
		2CFBA0B41A1CF555000AB590 /* PBXTargetDependency */ = {
			isa = PBXTargetDependency;
			target = 2CFBA09C1A1CF555000AB590 /* Intercultural Living */;
			targetProxy = 2CFBA0B31A1CF555000AB590 /* PBXContainerItemProxy */;
		};
/* End PBXTargetDependency section */

/* Begin PBXVariantGroup section */
		2CFBA0A61A1CF555000AB590 /* Main.storyboard */ = {
			isa = PBXVariantGroup;
			children = (
				2CFBA0A71A1CF555000AB590 /* Base */,
			);
			name = Main.storyboard;
			sourceTree = "<group>";
		};
		2CFBA0AB1A1CF555000AB590 /* LaunchScreen.xib */ = {
			isa = PBXVariantGroup;
			children = (
				2CFBA0AC1A1CF555000AB590 /* Base */,
			);
			name = LaunchScreen.xib;
			sourceTree = "<group>";
		};
/* End PBXVariantGroup section */

/* Begin XCBuildConfiguration section */
		2CFBA0BA1A1CF555000AB590 /* Debug */ = {
			isa = XCBuildConfiguration;
			buildSettings = {
				ALWAYS_SEARCH_USER_PATHS = NO;
				CLANG_CXX_LANGUAGE_STANDARD = "gnu++0x";
				CLANG_CXX_LIBRARY = "libc++";
				CLANG_ENABLE_MODULES = YES;
				CLANG_ENABLE_OBJC_ARC = YES;
				CLANG_WARN_BOOL_CONVERSION = YES;
				CLANG_WARN_CONSTANT_CONVERSION = YES;
				CLANG_WARN_DIRECT_OBJC_ISA_USAGE = YES_ERROR;
				CLANG_WARN_EMPTY_BODY = YES;
				CLANG_WARN_ENUM_CONVERSION = YES;
				CLANG_WARN_INT_CONVERSION = YES;
				CLANG_WARN_OBJC_ROOT_CLASS = YES_ERROR;
				CLANG_WARN_UNREACHABLE_CODE = YES;
				CLANG_WARN__DUPLICATE_METHOD_MATCH = YES;
				"CODE_SIGN_IDENTITY[sdk=iphoneos*]" = "iPhone Developer";
				COPY_PHASE_STRIP = NO;
				ENABLE_STRICT_OBJC_MSGSEND = YES;
				GCC_C_LANGUAGE_STANDARD = gnu99;
				GCC_DYNAMIC_NO_PIC = NO;
				GCC_OPTIMIZATION_LEVEL = 0;
				GCC_PREPROCESSOR_DEFINITIONS = (
					"DEBUG=1",
					"$(inherited)",
				);
				GCC_SYMBOLS_PRIVATE_EXTERN = NO;
				GCC_WARN_64_TO_32_BIT_CONVERSION = YES;
				GCC_WARN_ABOUT_RETURN_TYPE = YES_ERROR;
				GCC_WARN_UNDECLARED_SELECTOR = YES;
				GCC_WARN_UNINITIALIZED_AUTOS = YES_AGGRESSIVE;
				GCC_WARN_UNUSED_FUNCTION = YES;
				GCC_WARN_UNUSED_VARIABLE = YES;
				IPHONEOS_DEPLOYMENT_TARGET = 8.1;
				MTL_ENABLE_DEBUG_INFO = YES;
				ONLY_ACTIVE_ARCH = YES;
				SDKROOT = iphoneos;
				SWIFT_OPTIMIZATION_LEVEL = "-Onone";
				TARGETED_DEVICE_FAMILY = "1,2";
			};
			name = Debug;
		};
		2CFBA0BB1A1CF555000AB590 /* Release */ = {
			isa = XCBuildConfiguration;
			buildSettings = {
				ALWAYS_SEARCH_USER_PATHS = NO;
				CLANG_CXX_LANGUAGE_STANDARD = "gnu++0x";
				CLANG_CXX_LIBRARY = "libc++";
				CLANG_ENABLE_MODULES = YES;
				CLANG_ENABLE_OBJC_ARC = YES;
				CLANG_WARN_BOOL_CONVERSION = YES;
				CLANG_WARN_CONSTANT_CONVERSION = YES;
				CLANG_WARN_DIRECT_OBJC_ISA_USAGE = YES_ERROR;
				CLANG_WARN_EMPTY_BODY = YES;
				CLANG_WARN_ENUM_CONVERSION = YES;
				CLANG_WARN_INT_CONVERSION = YES;
				CLANG_WARN_OBJC_ROOT_CLASS = YES_ERROR;
				CLANG_WARN_UNREACHABLE_CODE = YES;
				CLANG_WARN__DUPLICATE_METHOD_MATCH = YES;
				"CODE_SIGN_IDENTITY[sdk=iphoneos*]" = "iPhone Developer";
				COPY_PHASE_STRIP = YES;
				ENABLE_NS_ASSERTIONS = NO;
				ENABLE_STRICT_OBJC_MSGSEND = YES;
				GCC_C_LANGUAGE_STANDARD = gnu99;
				GCC_WARN_64_TO_32_BIT_CONVERSION = YES;
				GCC_WARN_ABOUT_RETURN_TYPE = YES_ERROR;
				GCC_WARN_UNDECLARED_SELECTOR = YES;
				GCC_WARN_UNINITIALIZED_AUTOS = YES_AGGRESSIVE;
				GCC_WARN_UNUSED_FUNCTION = YES;
				GCC_WARN_UNUSED_VARIABLE = YES;
				IPHONEOS_DEPLOYMENT_TARGET = 8.1;
				MTL_ENABLE_DEBUG_INFO = NO;
				SDKROOT = iphoneos;
				TARGETED_DEVICE_FAMILY = "1,2";
				VALIDATE_PRODUCT = YES;
			};
			name = Release;
		};
		2CFBA0BD1A1CF555000AB590 /* Debug */ = {
			isa = XCBuildConfiguration;
			buildSettings = {
				ASSETCATALOG_COMPILER_APPICON_NAME = AppIcon;
				INFOPLIST_FILE = "Intercultural Living/Info.plist";
				LD_RUNPATH_SEARCH_PATHS = "$(inherited) @executable_path/Frameworks";
				PRODUCT_NAME = "$(TARGET_NAME)";
			};
			name = Debug;
		};
		2CFBA0BE1A1CF555000AB590 /* Release */ = {
			isa = XCBuildConfiguration;
			buildSettings = {
				ASSETCATALOG_COMPILER_APPICON_NAME = AppIcon;
				INFOPLIST_FILE = "Intercultural Living/Info.plist";
				LD_RUNPATH_SEARCH_PATHS = "$(inherited) @executable_path/Frameworks";
				PRODUCT_NAME = "$(TARGET_NAME)";
			};
			name = Release;
		};
		2CFBA0C01A1CF555000AB590 /* Debug */ = {
			isa = XCBuildConfiguration;
			buildSettings = {
				BUNDLE_LOADER = "$(TEST_HOST)";
				FRAMEWORK_SEARCH_PATHS = (
					"$(SDKROOT)/Developer/Library/Frameworks",
					"$(inherited)",
				);
				GCC_PREPROCESSOR_DEFINITIONS = (
					"DEBUG=1",
					"$(inherited)",
				);
				INFOPLIST_FILE = "Intercultural LivingTests/Info.plist";
				LD_RUNPATH_SEARCH_PATHS = "$(inherited) @executable_path/Frameworks @loader_path/Frameworks";
				PRODUCT_NAME = "$(TARGET_NAME)";
				TEST_HOST = "$(BUILT_PRODUCTS_DIR)/Intercultural Living.app/Intercultural Living";
			};
			name = Debug;
		};
		2CFBA0C11A1CF555000AB590 /* Release */ = {
			isa = XCBuildConfiguration;
			buildSettings = {
				BUNDLE_LOADER = "$(TEST_HOST)";
				FRAMEWORK_SEARCH_PATHS = (
					"$(SDKROOT)/Developer/Library/Frameworks",
					"$(inherited)",
				);
				INFOPLIST_FILE = "Intercultural LivingTests/Info.plist";
				LD_RUNPATH_SEARCH_PATHS = "$(inherited) @executable_path/Frameworks @loader_path/Frameworks";
				PRODUCT_NAME = "$(TARGET_NAME)";
				TEST_HOST = "$(BUILT_PRODUCTS_DIR)/Intercultural Living.app/Intercultural Living";
			};
			name = Release;
		};
/* End XCBuildConfiguration section */

/* Begin XCConfigurationList section */
		2CFBA0981A1CF555000AB590 /* Build configuration list for PBXProject "Intercultural Living" */ = {
			isa = XCConfigurationList;
			buildConfigurations = (
				2CFBA0BA1A1CF555000AB590 /* Debug */,
				2CFBA0BB1A1CF555000AB590 /* Release */,
			);
			defaultConfigurationIsVisible = 0;
			defaultConfigurationName = Release;
		};
		2CFBA0BC1A1CF555000AB590 /* Build configuration list for PBXNativeTarget "Intercultural Living" */ = {
			isa = XCConfigurationList;
			buildConfigurations = (
				2CFBA0BD1A1CF555000AB590 /* Debug */,
				2CFBA0BE1A1CF555000AB590 /* Release */,
			);
			defaultConfigurationIsVisible = 0;
			defaultConfigurationName = Release;
		};
		2CFBA0BF1A1CF555000AB590 /* Build configuration list for PBXNativeTarget "Intercultural LivingTests" */ = {
			isa = XCConfigurationList;
			buildConfigurations = (
				2CFBA0C01A1CF555000AB590 /* Debug */,
				2CFBA0C11A1CF555000AB590 /* Release */,
			);
			defaultConfigurationIsVisible = 0;
			defaultConfigurationName = Release;
		};
/* End XCConfigurationList section */
	};
	rootObject = 2CFBA0951A1CF555000AB590 /* Project object */;
}
